// !$*UTF8*$!
{
	archiveVersion = 1;
	classes = {
	};
	objectVersion = 56;
	objects = {

/* Begin PBXBuildFile section */
		0436641635E14DEE9E365C8D /* Pods_Shopify_ShopifyUITests.framework in Frameworks */ = {isa = PBXBuildFile; fileRef = 8E8846A44B1348DFC3F949E2 /* Pods_Shopify_ShopifyUITests.framework */; };
		8B073EC12C14929A00629214 /* ProductDetails.storyboard in Resources */ = {isa = PBXBuildFile; fileRef = 8B073EC02C14929A00629214 /* ProductDetails.storyboard */; };
		8B073EC32C14AD2B00629214 /* SplashViewController.swift in Sources */ = {isa = PBXBuildFile; fileRef = 8B073EC22C14AD2B00629214 /* SplashViewController.swift */; };
		8B073EC62C14B33300629214 /* EcoMarket.json in Resources */ = {isa = PBXBuildFile; fileRef = 8B073EC42C14B33300629214 /* EcoMarket.json */; };
		8B2FCFB22C13846C00C613E3 /* Image.swift in Sources */ = {isa = PBXBuildFile; fileRef = 8B2FCFB12C13846C00C613E3 /* Image.swift */; };
		8B2FCFB42C13888E00C613E3 /* URLs.swift in Sources */ = {isa = PBXBuildFile; fileRef = 8B2FCFB32C13888E00C613E3 /* URLs.swift */; };
		8B2FCFBB2C139F6800C613E3 /* BrandProductCollectionViewCell.xib in Resources */ = {isa = PBXBuildFile; fileRef = 8B2FCFBA2C139F6800C613E3 /* BrandProductCollectionViewCell.xib */; };
		8B48D4EB2C0DEA80005E5C37 /* Auhentication.storyboard in Resources */ = {isa = PBXBuildFile; fileRef = 8B48D4EA2C0DEA80005E5C37 /* Auhentication.storyboard */; };
		8B48D4ED2C0DFD20005E5C37 /* SecondStoryboard.storyboard in Resources */ = {isa = PBXBuildFile; fileRef = 8B48D4EC2C0DFD20005E5C37 /* SecondStoryboard.storyboard */; };
		8B95A60D2C11A18900D5A592 /* BrandProduct.storyboard in Resources */ = {isa = PBXBuildFile; fileRef = 8B95A60C2C11A18900D5A592 /* BrandProduct.storyboard */; };
		8B95A6122C11A2E400D5A592 /* BrandProductsViewModel.swift in Sources */ = {isa = PBXBuildFile; fileRef = 8B95A6112C11A2E400D5A592 /* BrandProductsViewModel.swift */; };
		8B95A6142C11A3C200D5A592 /* Product.swift in Sources */ = {isa = PBXBuildFile; fileRef = 8B95A6132C11A3C200D5A592 /* Product.swift */; };
		8B95A6162C11AC1C00D5A592 /* Variants.swift in Sources */ = {isa = PBXBuildFile; fileRef = 8B95A6152C11AC1C00D5A592 /* Variants.swift */; };
		8B95A6182C11AC5300D5A592 /* Options.swift in Sources */ = {isa = PBXBuildFile; fileRef = 8B95A6172C11AC5300D5A592 /* Options.swift */; };
		8B95A61C2C11AD5900D5A592 /* BrandViewController.swift in Sources */ = {isa = PBXBuildFile; fileRef = 8B95A61B2C11AD5900D5A592 /* BrandViewController.swift */; };
		8B95A6212C11B18900D5A592 /* ProductDetailsViewModel.swift in Sources */ = {isa = PBXBuildFile; fileRef = 8B95A6202C11B18900D5A592 /* ProductDetailsViewModel.swift */; };
		8B95A6232C11B31100D5A592 /* ProductDetailsViewController.swift in Sources */ = {isa = PBXBuildFile; fileRef = 8B95A6222C11B31100D5A592 /* ProductDetailsViewController.swift */; };
		8B95A6252C11B97300D5A592 /* ProductDetails.swift in Sources */ = {isa = PBXBuildFile; fileRef = 8B95A6242C11B97300D5A592 /* ProductDetails.swift */; };
		8B95A62D2C11EBCB00D5A592 /* BrandProductCollectionViewCell.swift in Sources */ = {isa = PBXBuildFile; fileRef = 8B95A62C2C11EBCB00D5A592 /* BrandProductCollectionViewCell.swift */; };
		8BE8849B2C10A8DF00BB28C6 /* NetworkManger.swift in Sources */ = {isa = PBXBuildFile; fileRef = 8BE8849A2C10A8DF00BB28C6 /* NetworkManger.swift */; };
		8BE8849D2C10A90200BB28C6 /* NetworkMangerProtocol.swift in Sources */ = {isa = PBXBuildFile; fileRef = 8BE8849C2C10A90200BB28C6 /* NetworkMangerProtocol.swift */; };
		8BE884A02C10C1DD00BB28C6 /* Response.swift in Sources */ = {isa = PBXBuildFile; fileRef = 8BE8849F2C10C1DD00BB28C6 /* Response.swift */; };
		93A552BB7BABFCA0665F05A7 /* Pods_ShopifyTests.framework in Frameworks */ = {isa = PBXBuildFile; fileRef = 265B32CF562A1F8B76337625 /* Pods_ShopifyTests.framework */; };
		94EEE273EB7E4859300EBC1A /* Pods_Shopify.framework in Frameworks */ = {isa = PBXBuildFile; fileRef = B149AC4424639B8F2011FAB1 /* Pods_Shopify.framework */; };
		E6174BD82C0BA57F004CE96E /* Order.storyboard in Resources */ = {isa = PBXBuildFile; fileRef = E6174BD72C0BA57F004CE96E /* Order.storyboard */; };
		E6174BDD2C0BA850004CE96E /* CustomTableViewCell.swift in Sources */ = {isa = PBXBuildFile; fileRef = E6174BDB2C0BA850004CE96E /* CustomTableViewCell.swift */; };
		E6174BDE2C0BA850004CE96E /* CustomTableViewCell.xib in Resources */ = {isa = PBXBuildFile; fileRef = E6174BDC2C0BA850004CE96E /* CustomTableViewCell.xib */; };
		E6174BE02C0BAB3A004CE96E /* OrderViewController.swift in Sources */ = {isa = PBXBuildFile; fileRef = E6174BDF2C0BAB3A004CE96E /* OrderViewController.swift */; };
		E63EAC852C1331DC000845AA /* HomeViewModel.swift in Sources */ = {isa = PBXBuildFile; fileRef = E63EAC842C1331DC000845AA /* HomeViewModel.swift */; };
		E63EAC872C13321C000845AA /* SmartCollection.swift in Sources */ = {isa = PBXBuildFile; fileRef = E63EAC862C13321C000845AA /* SmartCollection.swift */; };
		E63EAC892C13324A000845AA /* Rules.swift in Sources */ = {isa = PBXBuildFile; fileRef = E63EAC882C13324A000845AA /* Rules.swift */; };
		E6B549DB2C0F3667003C6328 /* CtegoryViewController.swift in Sources */ = {isa = PBXBuildFile; fileRef = E6B549DA2C0F3667003C6328 /* CtegoryViewController.swift */; };
		E6B549DD2C0F5FCD003C6328 /* CtegoryCollectionViewCell.swift in Sources */ = {isa = PBXBuildFile; fileRef = E6B549DC2C0F5FCD003C6328 /* CtegoryCollectionViewCell.swift */; };
		E6C97DFC2C0B8C9000B2CA81 /* Home.storyboard in Resources */ = {isa = PBXBuildFile; fileRef = E6C97DFB2C0B8C9000B2CA81 /* Home.storyboard */; };
		E6C97E002C0B934100B2CA81 /* HomeViewController.swift in Sources */ = {isa = PBXBuildFile; fileRef = E6C97DFF2C0B934100B2CA81 /* HomeViewController.swift */; };
		E6C97E022C0B936900B2CA81 /* AddsCollectionViewCell.swift in Sources */ = {isa = PBXBuildFile; fileRef = E6C97E012C0B936900B2CA81 /* AddsCollectionViewCell.swift */; };
		E6C97E042C0B937800B2CA81 /* BrandsCollectionViewCell.swift in Sources */ = {isa = PBXBuildFile; fileRef = E6C97E032C0B937800B2CA81 /* BrandsCollectionViewCell.swift */; };
		E764E0052C139B1800740DFA /* Address_SB.storyboard in Resources */ = {isa = PBXBuildFile; fileRef = E764E0042C139B1800740DFA /* Address_SB.storyboard */; };
		E764E0092C139BAC00740DFA /* AddressVC.swift in Sources */ = {isa = PBXBuildFile; fileRef = E764E0082C139BAC00740DFA /* AddressVC.swift */; };
		E764E00B2C139BEC00740DFA /* AddNewAddressVC.swift in Sources */ = {isa = PBXBuildFile; fileRef = E764E00A2C139BEC00740DFA /* AddNewAddressVC.swift */; };
		E764E0122C13AD7500740DFA /* User.swift in Sources */ = {isa = PBXBuildFile; fileRef = E764E0112C13AD7500740DFA /* User.swift */; };
		E7BC1B1F2C145E2B0015C552 /* AddressCoordinator.swift in Sources */ = {isa = PBXBuildFile; fileRef = E7BC1B1E2C145E2B0015C552 /* AddressCoordinator.swift */; };
		E7BC1B212C145F780015C552 /* AddNewAddressViewModel.swift in Sources */ = {isa = PBXBuildFile; fileRef = E7BC1B202C145F780015C552 /* AddNewAddressViewModel.swift */; };
		E7BC1B252C1467110015C552 /* SettingsVC.swift in Sources */ = {isa = PBXBuildFile; fileRef = E7BC1B242C1467110015C552 /* SettingsVC.swift */; };
		E7F5EF492C0B35800096F476 /* AppDelegate.swift in Sources */ = {isa = PBXBuildFile; fileRef = E7F5EF482C0B35800096F476 /* AppDelegate.swift */; };
		E7F5EF4B2C0B35800096F476 /* SceneDelegate.swift in Sources */ = {isa = PBXBuildFile; fileRef = E7F5EF4A2C0B35800096F476 /* SceneDelegate.swift */; };
		E7F5EF4D2C0B35800096F476 /* ViewController.swift in Sources */ = {isa = PBXBuildFile; fileRef = E7F5EF4C2C0B35800096F476 /* ViewController.swift */; };
		E7F5EF502C0B35800096F476 /* Main.storyboard in Resources */ = {isa = PBXBuildFile; fileRef = E7F5EF4E2C0B35800096F476 /* Main.storyboard */; };
		E7F5EF532C0B35800096F476 /* Shopify.xcdatamodeld in Sources */ = {isa = PBXBuildFile; fileRef = E7F5EF512C0B35800096F476 /* Shopify.xcdatamodeld */; };
		E7F5EF552C0B35830096F476 /* Assets.xcassets in Resources */ = {isa = PBXBuildFile; fileRef = E7F5EF542C0B35830096F476 /* Assets.xcassets */; };
		E7F5EF582C0B35830096F476 /* LaunchScreen.storyboard in Resources */ = {isa = PBXBuildFile; fileRef = E7F5EF562C0B35830096F476 /* LaunchScreen.storyboard */; };
		E7F5EF632C0B35830096F476 /* ShopifyTests.swift in Sources */ = {isa = PBXBuildFile; fileRef = E7F5EF622C0B35830096F476 /* ShopifyTests.swift */; };
		E7F5EF6D2C0B35830096F476 /* ShopifyUITests.swift in Sources */ = {isa = PBXBuildFile; fileRef = E7F5EF6C2C0B35830096F476 /* ShopifyUITests.swift */; };
		E7F5EF6F2C0B35830096F476 /* ShopifyUITestsLaunchTests.swift in Sources */ = {isa = PBXBuildFile; fileRef = E7F5EF6E2C0B35830096F476 /* ShopifyUITestsLaunchTests.swift */; };
		E7FB2C742C10D177003A8D9D /* ShoppingCartStoryboard.storyboard in Resources */ = {isa = PBXBuildFile; fileRef = E7FB2C732C10D177003A8D9D /* ShoppingCartStoryboard.storyboard */; };
		E7FB2C772C10D190003A8D9D /* CartCell.swift in Sources */ = {isa = PBXBuildFile; fileRef = E7FB2C752C10D190003A8D9D /* CartCell.swift */; };
		E7FB2C782C10D190003A8D9D /* CartCell.xib in Resources */ = {isa = PBXBuildFile; fileRef = E7FB2C762C10D190003A8D9D /* CartCell.xib */; };
		E7FB2C7A2C10D1AA003A8D9D /* ShoppingCartViewModel.swift in Sources */ = {isa = PBXBuildFile; fileRef = E7FB2C792C10D1AA003A8D9D /* ShoppingCartViewModel.swift */; };
		E7FB2C7C2C10D1B5003A8D9D /* CartModel.swift in Sources */ = {isa = PBXBuildFile; fileRef = E7FB2C7B2C10D1B5003A8D9D /* CartModel.swift */; };
		E7FB2C7F2C10D309003A8D9D /* Constants.swift in Sources */ = {isa = PBXBuildFile; fileRef = E7FB2C7E2C10D309003A8D9D /* Constants.swift */; };
		E7FB2C8B2C10E556003A8D9D /* ProfleStoryboard.storyboard in Resources */ = {isa = PBXBuildFile; fileRef = E7FB2C8A2C10E556003A8D9D /* ProfleStoryboard.storyboard */; };
		E7FB2C8D2C10E851003A8D9D /* ProfileViewController.swift in Sources */ = {isa = PBXBuildFile; fileRef = E7FB2C8C2C10E851003A8D9D /* ProfileViewController.swift */; };
		E7FB2C9D2C10EC44003A8D9D /* AddressViewModel.swift in Sources */ = {isa = PBXBuildFile; fileRef = E7FB2C9C2C10EC44003A8D9D /* AddressViewModel.swift */; };
		E7FB2C9F2C10F03E003A8D9D /* CustomerModel.swift in Sources */ = {isa = PBXBuildFile; fileRef = E7FB2C9E2C10F03E003A8D9D /* CustomerModel.swift */; };
		E7FB2CA22C10F918003A8D9D /* AddressCell.swift in Sources */ = {isa = PBXBuildFile; fileRef = E7FB2CA02C10F918003A8D9D /* AddressCell.swift */; };
		E7FB2CA32C10F918003A8D9D /* AddressCell.xib in Resources */ = {isa = PBXBuildFile; fileRef = E7FB2CA12C10F918003A8D9D /* AddressCell.xib */; };
/* End PBXBuildFile section */

/* Begin PBXContainerItemProxy section */
		E7F5EF5F2C0B35830096F476 /* PBXContainerItemProxy */ = {
			isa = PBXContainerItemProxy;
			containerPortal = E7F5EF3D2C0B35800096F476 /* Project object */;
			proxyType = 1;
			remoteGlobalIDString = E7F5EF442C0B35800096F476;
			remoteInfo = Shopify;
		};
		E7F5EF692C0B35830096F476 /* PBXContainerItemProxy */ = {
			isa = PBXContainerItemProxy;
			containerPortal = E7F5EF3D2C0B35800096F476 /* Project object */;
			proxyType = 1;
			remoteGlobalIDString = E7F5EF442C0B35800096F476;
			remoteInfo = Shopify;
		};
/* End PBXContainerItemProxy section */

/* Begin PBXFileReference section */
		265B32CF562A1F8B76337625 /* Pods_ShopifyTests.framework */ = {isa = PBXFileReference; explicitFileType = wrapper.framework; includeInIndex = 0; path = Pods_ShopifyTests.framework; sourceTree = BUILT_PRODUCTS_DIR; };
		2AB4CC9C6805F8F13B3F83DB /* Pods-ShopifyTests.release.xcconfig */ = {isa = PBXFileReference; includeInIndex = 1; lastKnownFileType = text.xcconfig; name = "Pods-ShopifyTests.release.xcconfig"; path = "Target Support Files/Pods-ShopifyTests/Pods-ShopifyTests.release.xcconfig"; sourceTree = "<group>"; };
		8B073EC02C14929A00629214 /* ProductDetails.storyboard */ = {isa = PBXFileReference; lastKnownFileType = file.storyboard; path = ProductDetails.storyboard; sourceTree = "<group>"; };
		8B073EC22C14AD2B00629214 /* SplashViewController.swift */ = {isa = PBXFileReference; lastKnownFileType = sourcecode.swift; path = SplashViewController.swift; sourceTree = "<group>"; };
		8B073EC42C14B33300629214 /* EcoMarket.json */ = {isa = PBXFileReference; fileEncoding = 4; lastKnownFileType = text.json; path = EcoMarket.json; sourceTree = "<group>"; };
		8B2FCFB12C13846C00C613E3 /* Image.swift */ = {isa = PBXFileReference; lastKnownFileType = sourcecode.swift; path = Image.swift; sourceTree = "<group>"; };
		8B2FCFB32C13888E00C613E3 /* URLs.swift */ = {isa = PBXFileReference; lastKnownFileType = sourcecode.swift; path = URLs.swift; sourceTree = "<group>"; };
		8B2FCFBA2C139F6800C613E3 /* BrandProductCollectionViewCell.xib */ = {isa = PBXFileReference; lastKnownFileType = file.xib; name = BrandProductCollectionViewCell.xib; path = Shopify/BrandProducts/ViewModel/BrandProductCollectionViewCell.xib; sourceTree = SOURCE_ROOT; };
		8B48D4EA2C0DEA80005E5C37 /* Auhentication.storyboard */ = {isa = PBXFileReference; lastKnownFileType = file.storyboard; path = Auhentication.storyboard; sourceTree = "<group>"; };
		8B48D4EC2C0DFD20005E5C37 /* SecondStoryboard.storyboard */ = {isa = PBXFileReference; lastKnownFileType = file.storyboard; path = SecondStoryboard.storyboard; sourceTree = "<group>"; };
		8B95A60C2C11A18900D5A592 /* BrandProduct.storyboard */ = {isa = PBXFileReference; lastKnownFileType = file.storyboard; path = BrandProduct.storyboard; sourceTree = "<group>"; };
		8B95A6112C11A2E400D5A592 /* BrandProductsViewModel.swift */ = {isa = PBXFileReference; lastKnownFileType = sourcecode.swift; path = BrandProductsViewModel.swift; sourceTree = "<group>"; };
		8B95A6132C11A3C200D5A592 /* Product.swift */ = {isa = PBXFileReference; lastKnownFileType = sourcecode.swift; path = Product.swift; sourceTree = "<group>"; };
		8B95A6152C11AC1C00D5A592 /* Variants.swift */ = {isa = PBXFileReference; lastKnownFileType = sourcecode.swift; path = Variants.swift; sourceTree = "<group>"; };
		8B95A6172C11AC5300D5A592 /* Options.swift */ = {isa = PBXFileReference; lastKnownFileType = sourcecode.swift; path = Options.swift; sourceTree = "<group>"; };
		8B95A61B2C11AD5900D5A592 /* BrandViewController.swift */ = {isa = PBXFileReference; lastKnownFileType = sourcecode.swift; path = BrandViewController.swift; sourceTree = "<group>"; };
		8B95A6202C11B18900D5A592 /* ProductDetailsViewModel.swift */ = {isa = PBXFileReference; lastKnownFileType = sourcecode.swift; path = ProductDetailsViewModel.swift; sourceTree = "<group>"; };
		8B95A6222C11B31100D5A592 /* ProductDetailsViewController.swift */ = {isa = PBXFileReference; lastKnownFileType = sourcecode.swift; path = ProductDetailsViewController.swift; sourceTree = "<group>"; };
		8B95A6242C11B97300D5A592 /* ProductDetails.swift */ = {isa = PBXFileReference; lastKnownFileType = sourcecode.swift; path = ProductDetails.swift; sourceTree = "<group>"; };
		8B95A62C2C11EBCB00D5A592 /* BrandProductCollectionViewCell.swift */ = {isa = PBXFileReference; lastKnownFileType = sourcecode.swift; path = BrandProductCollectionViewCell.swift; sourceTree = "<group>"; };
		8BE8849A2C10A8DF00BB28C6 /* NetworkManger.swift */ = {isa = PBXFileReference; lastKnownFileType = sourcecode.swift; path = NetworkManger.swift; sourceTree = "<group>"; };
		8BE8849C2C10A90200BB28C6 /* NetworkMangerProtocol.swift */ = {isa = PBXFileReference; lastKnownFileType = sourcecode.swift; path = NetworkMangerProtocol.swift; sourceTree = "<group>"; };
		8BE8849F2C10C1DD00BB28C6 /* Response.swift */ = {isa = PBXFileReference; lastKnownFileType = sourcecode.swift; path = Response.swift; sourceTree = "<group>"; };
		8E8846A44B1348DFC3F949E2 /* Pods_Shopify_ShopifyUITests.framework */ = {isa = PBXFileReference; explicitFileType = wrapper.framework; includeInIndex = 0; path = Pods_Shopify_ShopifyUITests.framework; sourceTree = BUILT_PRODUCTS_DIR; };
		A5C1A045119129F99B582947 /* Pods-Shopify-ShopifyUITests.debug.xcconfig */ = {isa = PBXFileReference; includeInIndex = 1; lastKnownFileType = text.xcconfig; name = "Pods-Shopify-ShopifyUITests.debug.xcconfig"; path = "Target Support Files/Pods-Shopify-ShopifyUITests/Pods-Shopify-ShopifyUITests.debug.xcconfig"; sourceTree = "<group>"; };
		B149AC4424639B8F2011FAB1 /* Pods_Shopify.framework */ = {isa = PBXFileReference; explicitFileType = wrapper.framework; includeInIndex = 0; path = Pods_Shopify.framework; sourceTree = BUILT_PRODUCTS_DIR; };
		C78D671F9D07D868C7A369D6 /* Pods-Shopify-ShopifyUITests.release.xcconfig */ = {isa = PBXFileReference; includeInIndex = 1; lastKnownFileType = text.xcconfig; name = "Pods-Shopify-ShopifyUITests.release.xcconfig"; path = "Target Support Files/Pods-Shopify-ShopifyUITests/Pods-Shopify-ShopifyUITests.release.xcconfig"; sourceTree = "<group>"; };
		E6174BD72C0BA57F004CE96E /* Order.storyboard */ = {isa = PBXFileReference; lastKnownFileType = file.storyboard; path = Order.storyboard; sourceTree = "<group>"; };
		E6174BDB2C0BA850004CE96E /* CustomTableViewCell.swift */ = {isa = PBXFileReference; lastKnownFileType = sourcecode.swift; path = CustomTableViewCell.swift; sourceTree = "<group>"; };
		E6174BDC2C0BA850004CE96E /* CustomTableViewCell.xib */ = {isa = PBXFileReference; lastKnownFileType = file.xib; path = CustomTableViewCell.xib; sourceTree = "<group>"; };
		E6174BDF2C0BAB3A004CE96E /* OrderViewController.swift */ = {isa = PBXFileReference; lastKnownFileType = sourcecode.swift; path = OrderViewController.swift; sourceTree = "<group>"; };
		E63EAC842C1331DC000845AA /* HomeViewModel.swift */ = {isa = PBXFileReference; lastKnownFileType = sourcecode.swift; path = HomeViewModel.swift; sourceTree = "<group>"; };
		E63EAC862C13321C000845AA /* SmartCollection.swift */ = {isa = PBXFileReference; lastKnownFileType = sourcecode.swift; path = SmartCollection.swift; sourceTree = "<group>"; };
		E63EAC882C13324A000845AA /* Rules.swift */ = {isa = PBXFileReference; lastKnownFileType = sourcecode.swift; path = Rules.swift; sourceTree = "<group>"; };
		E6B549DA2C0F3667003C6328 /* CtegoryViewController.swift */ = {isa = PBXFileReference; lastKnownFileType = sourcecode.swift; path = CtegoryViewController.swift; sourceTree = "<group>"; };
		E6B549DC2C0F5FCD003C6328 /* CtegoryCollectionViewCell.swift */ = {isa = PBXFileReference; lastKnownFileType = sourcecode.swift; path = CtegoryCollectionViewCell.swift; sourceTree = "<group>"; };
		E6C97DFB2C0B8C9000B2CA81 /* Home.storyboard */ = {isa = PBXFileReference; lastKnownFileType = file.storyboard; path = Home.storyboard; sourceTree = "<group>"; };
		E6C97DFF2C0B934100B2CA81 /* HomeViewController.swift */ = {isa = PBXFileReference; lastKnownFileType = sourcecode.swift; path = HomeViewController.swift; sourceTree = "<group>"; };
		E6C97E012C0B936900B2CA81 /* AddsCollectionViewCell.swift */ = {isa = PBXFileReference; lastKnownFileType = sourcecode.swift; path = AddsCollectionViewCell.swift; sourceTree = "<group>"; };
		E6C97E032C0B937800B2CA81 /* BrandsCollectionViewCell.swift */ = {isa = PBXFileReference; lastKnownFileType = sourcecode.swift; path = BrandsCollectionViewCell.swift; sourceTree = "<group>"; };
		E764E0042C139B1800740DFA /* Address_SB.storyboard */ = {isa = PBXFileReference; lastKnownFileType = file.storyboard; path = Address_SB.storyboard; sourceTree = "<group>"; };
		E764E0082C139BAC00740DFA /* AddressVC.swift */ = {isa = PBXFileReference; lastKnownFileType = sourcecode.swift; path = AddressVC.swift; sourceTree = "<group>"; };
		E764E00A2C139BEC00740DFA /* AddNewAddressVC.swift */ = {isa = PBXFileReference; lastKnownFileType = sourcecode.swift; path = AddNewAddressVC.swift; sourceTree = "<group>"; };
		E764E0112C13AD7500740DFA /* User.swift */ = {isa = PBXFileReference; lastKnownFileType = sourcecode.swift; path = User.swift; sourceTree = "<group>"; };
		E7BC1B1E2C145E2B0015C552 /* AddressCoordinator.swift */ = {isa = PBXFileReference; lastKnownFileType = sourcecode.swift; path = AddressCoordinator.swift; sourceTree = "<group>"; };
		E7BC1B202C145F780015C552 /* AddNewAddressViewModel.swift */ = {isa = PBXFileReference; lastKnownFileType = sourcecode.swift; path = AddNewAddressViewModel.swift; sourceTree = "<group>"; };
		E7BC1B242C1467110015C552 /* SettingsVC.swift */ = {isa = PBXFileReference; lastKnownFileType = sourcecode.swift; path = SettingsVC.swift; sourceTree = "<group>"; };
		E7F5EF452C0B35800096F476 /* Shopify.app */ = {isa = PBXFileReference; explicitFileType = wrapper.application; includeInIndex = 0; path = Shopify.app; sourceTree = BUILT_PRODUCTS_DIR; };
		E7F5EF482C0B35800096F476 /* AppDelegate.swift */ = {isa = PBXFileReference; lastKnownFileType = sourcecode.swift; path = AppDelegate.swift; sourceTree = "<group>"; };
		E7F5EF4A2C0B35800096F476 /* SceneDelegate.swift */ = {isa = PBXFileReference; lastKnownFileType = sourcecode.swift; path = SceneDelegate.swift; sourceTree = "<group>"; };
		E7F5EF4C2C0B35800096F476 /* ViewController.swift */ = {isa = PBXFileReference; lastKnownFileType = sourcecode.swift; path = ViewController.swift; sourceTree = "<group>"; };
		E7F5EF4F2C0B35800096F476 /* Base */ = {isa = PBXFileReference; lastKnownFileType = file.storyboard; name = Base; path = Base.lproj/Main.storyboard; sourceTree = "<group>"; };
		E7F5EF522C0B35800096F476 /* Shopify.xcdatamodel */ = {isa = PBXFileReference; lastKnownFileType = wrapper.xcdatamodel; path = Shopify.xcdatamodel; sourceTree = "<group>"; };
		E7F5EF542C0B35830096F476 /* Assets.xcassets */ = {isa = PBXFileReference; lastKnownFileType = folder.assetcatalog; path = Assets.xcassets; sourceTree = "<group>"; };
		E7F5EF572C0B35830096F476 /* Base */ = {isa = PBXFileReference; lastKnownFileType = file.storyboard; name = Base; path = Base.lproj/LaunchScreen.storyboard; sourceTree = "<group>"; };
		E7F5EF592C0B35830096F476 /* Info.plist */ = {isa = PBXFileReference; lastKnownFileType = text.plist.xml; path = Info.plist; sourceTree = "<group>"; };
		E7F5EF5E2C0B35830096F476 /* ShopifyTests.xctest */ = {isa = PBXFileReference; explicitFileType = wrapper.cfbundle; includeInIndex = 0; path = ShopifyTests.xctest; sourceTree = BUILT_PRODUCTS_DIR; };
		E7F5EF622C0B35830096F476 /* ShopifyTests.swift */ = {isa = PBXFileReference; lastKnownFileType = sourcecode.swift; path = ShopifyTests.swift; sourceTree = "<group>"; };
		E7F5EF682C0B35830096F476 /* ShopifyUITests.xctest */ = {isa = PBXFileReference; explicitFileType = wrapper.cfbundle; includeInIndex = 0; path = ShopifyUITests.xctest; sourceTree = BUILT_PRODUCTS_DIR; };
		E7F5EF6C2C0B35830096F476 /* ShopifyUITests.swift */ = {isa = PBXFileReference; lastKnownFileType = sourcecode.swift; path = ShopifyUITests.swift; sourceTree = "<group>"; };
		E7F5EF6E2C0B35830096F476 /* ShopifyUITestsLaunchTests.swift */ = {isa = PBXFileReference; lastKnownFileType = sourcecode.swift; path = ShopifyUITestsLaunchTests.swift; sourceTree = "<group>"; };
		E7FB2C732C10D177003A8D9D /* ShoppingCartStoryboard.storyboard */ = {isa = PBXFileReference; lastKnownFileType = file.storyboard; path = ShoppingCartStoryboard.storyboard; sourceTree = "<group>"; };
		E7FB2C752C10D190003A8D9D /* CartCell.swift */ = {isa = PBXFileReference; lastKnownFileType = sourcecode.swift; path = CartCell.swift; sourceTree = "<group>"; };
		E7FB2C762C10D190003A8D9D /* CartCell.xib */ = {isa = PBXFileReference; lastKnownFileType = file.xib; path = CartCell.xib; sourceTree = "<group>"; };
		E7FB2C792C10D1AA003A8D9D /* ShoppingCartViewModel.swift */ = {isa = PBXFileReference; lastKnownFileType = sourcecode.swift; path = ShoppingCartViewModel.swift; sourceTree = "<group>"; };
		E7FB2C7B2C10D1B5003A8D9D /* CartModel.swift */ = {isa = PBXFileReference; lastKnownFileType = sourcecode.swift; path = CartModel.swift; sourceTree = "<group>"; };
		E7FB2C7E2C10D309003A8D9D /* Constants.swift */ = {isa = PBXFileReference; lastKnownFileType = sourcecode.swift; path = Constants.swift; sourceTree = "<group>"; };
		E7FB2C8A2C10E556003A8D9D /* ProfleStoryboard.storyboard */ = {isa = PBXFileReference; lastKnownFileType = file.storyboard; path = ProfleStoryboard.storyboard; sourceTree = "<group>"; };
		E7FB2C8C2C10E851003A8D9D /* ProfileViewController.swift */ = {isa = PBXFileReference; lastKnownFileType = sourcecode.swift; path = ProfileViewController.swift; sourceTree = "<group>"; };
		E7FB2C9C2C10EC44003A8D9D /* AddressViewModel.swift */ = {isa = PBXFileReference; lastKnownFileType = sourcecode.swift; path = AddressViewModel.swift; sourceTree = "<group>"; };
		E7FB2C9E2C10F03E003A8D9D /* CustomerModel.swift */ = {isa = PBXFileReference; lastKnownFileType = sourcecode.swift; path = CustomerModel.swift; sourceTree = "<group>"; };
		E7FB2CA02C10F918003A8D9D /* AddressCell.swift */ = {isa = PBXFileReference; lastKnownFileType = sourcecode.swift; path = AddressCell.swift; sourceTree = "<group>"; };
		E7FB2CA12C10F918003A8D9D /* AddressCell.xib */ = {isa = PBXFileReference; lastKnownFileType = file.xib; path = AddressCell.xib; sourceTree = "<group>"; };
		EF8648017C42EC1B94AA5976 /* Pods-Shopify.debug.xcconfig */ = {isa = PBXFileReference; includeInIndex = 1; lastKnownFileType = text.xcconfig; name = "Pods-Shopify.debug.xcconfig"; path = "Target Support Files/Pods-Shopify/Pods-Shopify.debug.xcconfig"; sourceTree = "<group>"; };
		F262D17719D4900A164B01C0 /* Pods-Shopify.release.xcconfig */ = {isa = PBXFileReference; includeInIndex = 1; lastKnownFileType = text.xcconfig; name = "Pods-Shopify.release.xcconfig"; path = "Target Support Files/Pods-Shopify/Pods-Shopify.release.xcconfig"; sourceTree = "<group>"; };
		FFCDDF33D78AF5876D25B2EA /* Pods-ShopifyTests.debug.xcconfig */ = {isa = PBXFileReference; includeInIndex = 1; lastKnownFileType = text.xcconfig; name = "Pods-ShopifyTests.debug.xcconfig"; path = "Target Support Files/Pods-ShopifyTests/Pods-ShopifyTests.debug.xcconfig"; sourceTree = "<group>"; };
/* End PBXFileReference section */

/* Begin PBXFrameworksBuildPhase section */
		E7F5EF422C0B35800096F476 /* Frameworks */ = {
			isa = PBXFrameworksBuildPhase;
			buildActionMask = 2147483647;
			files = (
				94EEE273EB7E4859300EBC1A /* Pods_Shopify.framework in Frameworks */,
			);
			runOnlyForDeploymentPostprocessing = 0;
		};
		E7F5EF5B2C0B35830096F476 /* Frameworks */ = {
			isa = PBXFrameworksBuildPhase;
			buildActionMask = 2147483647;
			files = (
				93A552BB7BABFCA0665F05A7 /* Pods_ShopifyTests.framework in Frameworks */,
			);
			runOnlyForDeploymentPostprocessing = 0;
		};
		E7F5EF652C0B35830096F476 /* Frameworks */ = {
			isa = PBXFrameworksBuildPhase;
			buildActionMask = 2147483647;
			files = (
				0436641635E14DEE9E365C8D /* Pods_Shopify_ShopifyUITests.framework in Frameworks */,
			);
			runOnlyForDeploymentPostprocessing = 0;
		};
/* End PBXFrameworksBuildPhase section */

/* Begin PBXGroup section */
		46FA65AFCA41E3DAF14C7F55 /* Frameworks */ = {
			isa = PBXGroup;
			children = (
				B149AC4424639B8F2011FAB1 /* Pods_Shopify.framework */,
				8E8846A44B1348DFC3F949E2 /* Pods_Shopify_ShopifyUITests.framework */,
				265B32CF562A1F8B76337625 /* Pods_ShopifyTests.framework */,
			);
			name = Frameworks;
			sourceTree = "<group>";
		};
		8B073EC52C14B33300629214 /* LottieAnimations-JSON */ = {
			isa = PBXGroup;
			children = (
				8B073EC42C14B33300629214 /* EcoMarket.json */,
			);
			path = "LottieAnimations-JSON";
			sourceTree = "<group>";
		};
		8B95A60E2C11A27400D5A592 /* BrandProducts */ = {
			isa = PBXGroup;
			children = (
				8B95A6102C11A29600D5A592 /* ViewModel */,
				8B95A60F2C11A28800D5A592 /* View */,
			);
			path = BrandProducts;
			sourceTree = "<group>";
		};
		8B95A60F2C11A28800D5A592 /* View */ = {
			isa = PBXGroup;
			children = (
				8B95A60C2C11A18900D5A592 /* BrandProduct.storyboard */,
				8B95A61B2C11AD5900D5A592 /* BrandViewController.swift */,
				8B95A62C2C11EBCB00D5A592 /* BrandProductCollectionViewCell.swift */,
				8B2FCFBA2C139F6800C613E3 /* BrandProductCollectionViewCell.xib */,
			);
			path = View;
			sourceTree = "<group>";
		};
		8B95A6102C11A29600D5A592 /* ViewModel */ = {
			isa = PBXGroup;
			children = (
				8B95A6112C11A2E400D5A592 /* BrandProductsViewModel.swift */,
			);
			path = ViewModel;
			sourceTree = "<group>";
		};
		8B95A61D2C11B15600D5A592 /* ProductDetails */ = {
			isa = PBXGroup;
			children = (
				8B95A61F2C11B17500D5A592 /* View */,
				8B95A61E2C11B16900D5A592 /* ViewModel */,
			);
			path = ProductDetails;
			sourceTree = "<group>";
		};
		8B95A61E2C11B16900D5A592 /* ViewModel */ = {
			isa = PBXGroup;
			children = (
				8B95A6202C11B18900D5A592 /* ProductDetailsViewModel.swift */,
			);
			path = ViewModel;
			sourceTree = "<group>";
		};
		8B95A61F2C11B17500D5A592 /* View */ = {
			isa = PBXGroup;
			children = (
				8B95A6222C11B31100D5A592 /* ProductDetailsViewController.swift */,
				8B073EC02C14929A00629214 /* ProductDetails.storyboard */,
			);
			path = View;
			sourceTree = "<group>";
		};
		8BE884992C10A8BF00BB28C6 /* Service */ = {
			isa = PBXGroup;
			children = (
				8BE8849A2C10A8DF00BB28C6 /* NetworkManger.swift */,
				8BE8849C2C10A90200BB28C6 /* NetworkMangerProtocol.swift */,
				8B2FCFB32C13888E00C613E3 /* URLs.swift */,
			);
			path = Service;
			sourceTree = "<group>";
		};
		8BE8849E2C10C1C900BB28C6 /* Model */ = {
			isa = PBXGroup;
			children = (
				8BE8849F2C10C1DD00BB28C6 /* Response.swift */,
				E63EAC862C13321C000845AA /* SmartCollection.swift */,
				E63EAC882C13324A000845AA /* Rules.swift */,
				8B95A6132C11A3C200D5A592 /* Product.swift */,
				8B95A6152C11AC1C00D5A592 /* Variants.swift */,
				8B95A6172C11AC5300D5A592 /* Options.swift */,
				8B95A6242C11B97300D5A592 /* ProductDetails.swift */,
				8B2FCFB12C13846C00C613E3 /* Image.swift */,
				E764E0112C13AD7500740DFA /* User.swift */,
			);
			path = Model;
			sourceTree = "<group>";
		};
		9196EAB69B43E7B49B460DA4 /* Pods */ = {
			isa = PBXGroup;
			children = (
				EF8648017C42EC1B94AA5976 /* Pods-Shopify.debug.xcconfig */,
				F262D17719D4900A164B01C0 /* Pods-Shopify.release.xcconfig */,
				A5C1A045119129F99B582947 /* Pods-Shopify-ShopifyUITests.debug.xcconfig */,
				C78D671F9D07D868C7A369D6 /* Pods-Shopify-ShopifyUITests.release.xcconfig */,
				FFCDDF33D78AF5876D25B2EA /* Pods-ShopifyTests.debug.xcconfig */,
				2AB4CC9C6805F8F13B3F83DB /* Pods-ShopifyTests.release.xcconfig */,
			);
			path = Pods;
			sourceTree = "<group>";
		};
		E6174BD92C0BA6C2004CE96E /* Orders */ = {
			isa = PBXGroup;
			children = (
				E6174BDA2C0BA6CA004CE96E /* view */,
			);
			path = Orders;
			sourceTree = "<group>";
		};
		E6174BDA2C0BA6CA004CE96E /* view */ = {
			isa = PBXGroup;
			children = (
				E6174BD72C0BA57F004CE96E /* Order.storyboard */,
				E6174BDB2C0BA850004CE96E /* CustomTableViewCell.swift */,
				E6174BDC2C0BA850004CE96E /* CustomTableViewCell.xib */,
				E6174BDF2C0BAB3A004CE96E /* OrderViewController.swift */,
			);
			path = view;
			sourceTree = "<group>";
		};
		E63EAC832C1331BD000845AA /* VM */ = {
			isa = PBXGroup;
			children = (
				E63EAC842C1331DC000845AA /* HomeViewModel.swift */,
			);
			path = VM;
			sourceTree = "<group>";
		};
		E6C97DFD2C0B92FE00B2CA81 /* Home */ = {
			isa = PBXGroup;
			children = (
				E63EAC832C1331BD000845AA /* VM */,
				E6C97DFE2C0B930A00B2CA81 /* view */,
			);
			path = Home;
			sourceTree = "<group>";
		};
		E6C97DFE2C0B930A00B2CA81 /* view */ = {
			isa = PBXGroup;
			children = (
				E6C97DFB2C0B8C9000B2CA81 /* Home.storyboard */,
				E6C97DFF2C0B934100B2CA81 /* HomeViewController.swift */,
				E6C97E012C0B936900B2CA81 /* AddsCollectionViewCell.swift */,
				E6C97E032C0B937800B2CA81 /* BrandsCollectionViewCell.swift */,
			);
			path = view;
			sourceTree = "<group>";
		};
		E7BC1B222C1466EF0015C552 /* Setting */ = {
			isa = PBXGroup;
			children = (
				E7BC1B232C1466FD0015C552 /* view */,
			);
			path = Setting;
			sourceTree = "<group>";
		};
		E7BC1B232C1466FD0015C552 /* view */ = {
			isa = PBXGroup;
			children = (
				E7BC1B242C1467110015C552 /* SettingsVC.swift */,
			);
			path = view;
			sourceTree = "<group>";
		};
		E7F5EF3C2C0B35800096F476 = {
			isa = PBXGroup;
			children = (
				E7F5EF472C0B35800096F476 /* Shopify */,
				E7F5EF612C0B35830096F476 /* ShopifyTests */,
				E7F5EF6B2C0B35830096F476 /* ShopifyUITests */,
				E7F5EF462C0B35800096F476 /* Products */,
				9196EAB69B43E7B49B460DA4 /* Pods */,
				46FA65AFCA41E3DAF14C7F55 /* Frameworks */,
			);
			sourceTree = "<group>";
		};
		E7F5EF462C0B35800096F476 /* Products */ = {
			isa = PBXGroup;
			children = (
				E7F5EF452C0B35800096F476 /* Shopify.app */,
				E7F5EF5E2C0B35830096F476 /* ShopifyTests.xctest */,
				E7F5EF682C0B35830096F476 /* ShopifyUITests.xctest */,
			);
			name = Products;
			sourceTree = "<group>";
		};
		E7F5EF472C0B35800096F476 /* Shopify */ = {
			isa = PBXGroup;
			children = (
				E7BC1B222C1466EF0015C552 /* Setting */,
				E7FB2C862C10E539003A8D9D /* Profile */,
				E7FB2C822C10E524003A8D9D /* Address */,
				8B95A61D2C11B15600D5A592 /* ProductDetails */,
				8B95A60E2C11A27400D5A592 /* BrandProducts */,
				E7FB2C7D2C10D2F2003A8D9D /* Utilites */,
				E7FB2C6F2C10D157003A8D9D /* ShoppingCart */,
				8BE8849E2C10C1C900BB28C6 /* Model */,
				8BE884992C10A8BF00BB28C6 /* Service */,
				E6174BD92C0BA6C2004CE96E /* Orders */,
				E6C97DFD2C0B92FE00B2CA81 /* Home */,
				E7F5EF482C0B35800096F476 /* AppDelegate.swift */,
				E7F5EF4A2C0B35800096F476 /* SceneDelegate.swift */,
				E7F5EF4C2C0B35800096F476 /* ViewController.swift */,
				E7F5EF4E2C0B35800096F476 /* Main.storyboard */,
				E7F5EF542C0B35830096F476 /* Assets.xcassets */,
				E7F5EF562C0B35830096F476 /* LaunchScreen.storyboard */,
				E7F5EF592C0B35830096F476 /* Info.plist */,
				E7F5EF512C0B35800096F476 /* Shopify.xcdatamodeld */,
				8B48D4EA2C0DEA80005E5C37 /* Auhentication.storyboard */,
				8B48D4EC2C0DFD20005E5C37 /* SecondStoryboard.storyboard */,
				E6B549DA2C0F3667003C6328 /* CtegoryViewController.swift */,
				E6B549DC2C0F5FCD003C6328 /* CtegoryCollectionViewCell.swift */,
				8B073EC22C14AD2B00629214 /* SplashViewController.swift */,
			);
			path = Shopify;
			sourceTree = "<group>";
		};
		E7F5EF612C0B35830096F476 /* ShopifyTests */ = {
			isa = PBXGroup;
			children = (
				E7F5EF622C0B35830096F476 /* ShopifyTests.swift */,
			);
			path = ShopifyTests;
			sourceTree = "<group>";
		};
		E7F5EF6B2C0B35830096F476 /* ShopifyUITests */ = {
			isa = PBXGroup;
			children = (
				E7F5EF6C2C0B35830096F476 /* ShopifyUITests.swift */,
				E7F5EF6E2C0B35830096F476 /* ShopifyUITestsLaunchTests.swift */,
			);
			path = ShopifyUITests;
			sourceTree = "<group>";
		};
		E7FB2C6F2C10D157003A8D9D /* ShoppingCart */ = {
			isa = PBXGroup;
			children = (
				E7FB2C722C10D166003A8D9D /* viewModel */,
				E7FB2C712C10D162003A8D9D /* model */,
				E7FB2C702C10D15E003A8D9D /* view */,
			);
			path = ShoppingCart;
			sourceTree = "<group>";
		};
		E7FB2C702C10D15E003A8D9D /* view */ = {
			isa = PBXGroup;
			children = (
				E7FB2C732C10D177003A8D9D /* ShoppingCartStoryboard.storyboard */,
				E7FB2C752C10D190003A8D9D /* CartCell.swift */,
				E7FB2C762C10D190003A8D9D /* CartCell.xib */,
			);
			path = view;
			sourceTree = "<group>";
		};
		E7FB2C712C10D162003A8D9D /* model */ = {
			isa = PBXGroup;
			children = (
				E7FB2C7B2C10D1B5003A8D9D /* CartModel.swift */,
			);
			path = model;
			sourceTree = "<group>";
		};
		E7FB2C722C10D166003A8D9D /* viewModel */ = {
			isa = PBXGroup;
			children = (
				E7FB2C792C10D1AA003A8D9D /* ShoppingCartViewModel.swift */,
			);
			path = viewModel;
			sourceTree = "<group>";
		};
		E7FB2C7D2C10D2F2003A8D9D /* Utilites */ = {
			isa = PBXGroup;
			children = (
				8B073EC52C14B33300629214 /* LottieAnimations-JSON */,
				E7FB2C7E2C10D309003A8D9D /* Constants.swift */,
			);
			path = Utilites;
			sourceTree = "<group>";
		};
		E7FB2C822C10E524003A8D9D /* Address */ = {
			isa = PBXGroup;
			children = (
				E7FB2C852C10E534003A8D9D /* model */,
				E7FB2C842C10E52F003A8D9D /* viewModel */,
				E7FB2C832C10E52B003A8D9D /* view */,
			);
			path = Address;
			sourceTree = "<group>";
		};
		E7FB2C832C10E52B003A8D9D /* view */ = {
			isa = PBXGroup;
			children = (
				E7FB2CA02C10F918003A8D9D /* AddressCell.swift */,
				E7FB2CA12C10F918003A8D9D /* AddressCell.xib */,
				E764E0042C139B1800740DFA /* Address_SB.storyboard */,
				E764E0082C139BAC00740DFA /* AddressVC.swift */,
				E764E00A2C139BEC00740DFA /* AddNewAddressVC.swift */,
			);
			path = view;
			sourceTree = "<group>";
		};
		E7FB2C842C10E52F003A8D9D /* viewModel */ = {
			isa = PBXGroup;
			children = (
				E7FB2C9C2C10EC44003A8D9D /* AddressViewModel.swift */,
				E7BC1B1E2C145E2B0015C552 /* AddressCoordinator.swift */,
				E7BC1B202C145F780015C552 /* AddNewAddressViewModel.swift */,
			);
			path = viewModel;
			sourceTree = "<group>";
		};
		E7FB2C852C10E534003A8D9D /* model */ = {
			isa = PBXGroup;
			children = (
				E7FB2C9E2C10F03E003A8D9D /* CustomerModel.swift */,
			);
			path = model;
			sourceTree = "<group>";
		};
		E7FB2C862C10E539003A8D9D /* Profile */ = {
			isa = PBXGroup;
			children = (
				E7FB2C872C10E53F003A8D9D /* view */,
			);
			path = Profile;
			sourceTree = "<group>";
		};
		E7FB2C872C10E53F003A8D9D /* view */ = {
			isa = PBXGroup;
			children = (
				E7FB2C8A2C10E556003A8D9D /* ProfleStoryboard.storyboard */,
				E7FB2C8C2C10E851003A8D9D /* ProfileViewController.swift */,
			);
			path = view;
			sourceTree = "<group>";
		};
/* End PBXGroup section */

/* Begin PBXNativeTarget section */
		E7F5EF442C0B35800096F476 /* Shopify */ = {
			isa = PBXNativeTarget;
			buildConfigurationList = E7F5EF722C0B35830096F476 /* Build configuration list for PBXNativeTarget "Shopify" */;
			buildPhases = (
				9526DB4CED56521B12259F4C /* [CP] Check Pods Manifest.lock */,
				E7F5EF412C0B35800096F476 /* Sources */,
				E7F5EF422C0B35800096F476 /* Frameworks */,
				E7F5EF432C0B35800096F476 /* Resources */,
				9AAF931CA2414A81475E2DA6 /* [CP] Embed Pods Frameworks */,
			);
			buildRules = (
			);
			dependencies = (
			);
			name = Shopify;
			productName = Shopify;
			productReference = E7F5EF452C0B35800096F476 /* Shopify.app */;
			productType = "com.apple.product-type.application";
		};
		E7F5EF5D2C0B35830096F476 /* ShopifyTests */ = {
			isa = PBXNativeTarget;
			buildConfigurationList = E7F5EF752C0B35830096F476 /* Build configuration list for PBXNativeTarget "ShopifyTests" */;
			buildPhases = (
				4165FC82AA96B6401D05944C /* [CP] Check Pods Manifest.lock */,
				E7F5EF5A2C0B35830096F476 /* Sources */,
				E7F5EF5B2C0B35830096F476 /* Frameworks */,
				E7F5EF5C2C0B35830096F476 /* Resources */,
			);
			buildRules = (
			);
			dependencies = (
				E7F5EF602C0B35830096F476 /* PBXTargetDependency */,
			);
			name = ShopifyTests;
			productName = ShopifyTests;
			productReference = E7F5EF5E2C0B35830096F476 /* ShopifyTests.xctest */;
			productType = "com.apple.product-type.bundle.unit-test";
		};
		E7F5EF672C0B35830096F476 /* ShopifyUITests */ = {
			isa = PBXNativeTarget;
			buildConfigurationList = E7F5EF782C0B35830096F476 /* Build configuration list for PBXNativeTarget "ShopifyUITests" */;
			buildPhases = (
				6A28A73CFF77EBC1C1F4E6BF /* [CP] Check Pods Manifest.lock */,
				E7F5EF642C0B35830096F476 /* Sources */,
				E7F5EF652C0B35830096F476 /* Frameworks */,
				E7F5EF662C0B35830096F476 /* Resources */,
				9574439FC3D55CDF79AEC133 /* [CP] Embed Pods Frameworks */,
			);
			buildRules = (
			);
			dependencies = (
				E7F5EF6A2C0B35830096F476 /* PBXTargetDependency */,
			);
			name = ShopifyUITests;
			productName = ShopifyUITests;
			productReference = E7F5EF682C0B35830096F476 /* ShopifyUITests.xctest */;
			productType = "com.apple.product-type.bundle.ui-testing";
		};
/* End PBXNativeTarget section */

/* Begin PBXProject section */
		E7F5EF3D2C0B35800096F476 /* Project object */ = {
			isa = PBXProject;
			attributes = {
				BuildIndependentTargetsInParallel = 1;
				LastSwiftUpdateCheck = 1520;
				LastUpgradeCheck = 1520;
				TargetAttributes = {
					E7F5EF442C0B35800096F476 = {
						CreatedOnToolsVersion = 15.2;
					};
					E7F5EF5D2C0B35830096F476 = {
						CreatedOnToolsVersion = 15.2;
						TestTargetID = E7F5EF442C0B35800096F476;
					};
					E7F5EF672C0B35830096F476 = {
						CreatedOnToolsVersion = 15.2;
						TestTargetID = E7F5EF442C0B35800096F476;
					};
				};
			};
			buildConfigurationList = E7F5EF402C0B35800096F476 /* Build configuration list for PBXProject "Shopify" */;
			compatibilityVersion = "Xcode 14.0";
			developmentRegion = en;
			hasScannedForEncodings = 0;
			knownRegions = (
				en,
				Base,
			);
			mainGroup = E7F5EF3C2C0B35800096F476;
			productRefGroup = E7F5EF462C0B35800096F476 /* Products */;
			projectDirPath = "";
			projectRoot = "";
			targets = (
				E7F5EF442C0B35800096F476 /* Shopify */,
				E7F5EF5D2C0B35830096F476 /* ShopifyTests */,
				E7F5EF672C0B35830096F476 /* ShopifyUITests */,
			);
		};
/* End PBXProject section */

/* Begin PBXResourcesBuildPhase section */
		E7F5EF432C0B35800096F476 /* Resources */ = {
			isa = PBXResourcesBuildPhase;
			buildActionMask = 2147483647;
			files = (
				E6174BD82C0BA57F004CE96E /* Order.storyboard in Resources */,
				E7FB2C782C10D190003A8D9D /* CartCell.xib in Resources */,
				E7F5EF582C0B35830096F476 /* LaunchScreen.storyboard in Resources */,
				E7FB2C8B2C10E556003A8D9D /* ProfleStoryboard.storyboard in Resources */,
				E6174BDE2C0BA850004CE96E /* CustomTableViewCell.xib in Resources */,
				E764E0052C139B1800740DFA /* Address_SB.storyboard in Resources */,
				E7F5EF552C0B35830096F476 /* Assets.xcassets in Resources */,
				8B073EC12C14929A00629214 /* ProductDetails.storyboard in Resources */,
				E7FB2CA32C10F918003A8D9D /* AddressCell.xib in Resources */,
				8B48D4ED2C0DFD20005E5C37 /* SecondStoryboard.storyboard in Resources */,
				8B2FCFBB2C139F6800C613E3 /* BrandProductCollectionViewCell.xib in Resources */,
				E7FB2C742C10D177003A8D9D /* ShoppingCartStoryboard.storyboard in Resources */,
				E7F5EF502C0B35800096F476 /* Main.storyboard in Resources */,
				8B48D4EB2C0DEA80005E5C37 /* Auhentication.storyboard in Resources */,
				E6C97DFC2C0B8C9000B2CA81 /* Home.storyboard in Resources */,
				8B073EC62C14B33300629214 /* EcoMarket.json in Resources */,
				8B95A60D2C11A18900D5A592 /* BrandProduct.storyboard in Resources */,
			);
			runOnlyForDeploymentPostprocessing = 0;
		};
		E7F5EF5C2C0B35830096F476 /* Resources */ = {
			isa = PBXResourcesBuildPhase;
			buildActionMask = 2147483647;
			files = (
			);
			runOnlyForDeploymentPostprocessing = 0;
		};
		E7F5EF662C0B35830096F476 /* Resources */ = {
			isa = PBXResourcesBuildPhase;
			buildActionMask = 2147483647;
			files = (
			);
			runOnlyForDeploymentPostprocessing = 0;
		};
/* End PBXResourcesBuildPhase section */

/* Begin PBXShellScriptBuildPhase section */
		4165FC82AA96B6401D05944C /* [CP] Check Pods Manifest.lock */ = {
			isa = PBXShellScriptBuildPhase;
			buildActionMask = 2147483647;
			files = (
			);
			inputFileListPaths = (
			);
			inputPaths = (
				"${PODS_PODFILE_DIR_PATH}/Podfile.lock",
				"${PODS_ROOT}/Manifest.lock",
			);
			name = "[CP] Check Pods Manifest.lock";
			outputFileListPaths = (
			);
			outputPaths = (
				"$(DERIVED_FILE_DIR)/Pods-ShopifyTests-checkManifestLockResult.txt",
			);
			runOnlyForDeploymentPostprocessing = 0;
			shellPath = /bin/sh;
			shellScript = "diff \"${PODS_PODFILE_DIR_PATH}/Podfile.lock\" \"${PODS_ROOT}/Manifest.lock\" > /dev/null\nif [ $? != 0 ] ; then\n    # print error to STDERR\n    echo \"error: The sandbox is not in sync with the Podfile.lock. Run 'pod install' or update your CocoaPods installation.\" >&2\n    exit 1\nfi\n# This output is used by Xcode 'outputs' to avoid re-running this script phase.\necho \"SUCCESS\" > \"${SCRIPT_OUTPUT_FILE_0}\"\n";
			showEnvVarsInLog = 0;
		};
		6A28A73CFF77EBC1C1F4E6BF /* [CP] Check Pods Manifest.lock */ = {
			isa = PBXShellScriptBuildPhase;
			buildActionMask = 2147483647;
			files = (
			);
			inputFileListPaths = (
			);
			inputPaths = (
				"${PODS_PODFILE_DIR_PATH}/Podfile.lock",
				"${PODS_ROOT}/Manifest.lock",
			);
			name = "[CP] Check Pods Manifest.lock";
			outputFileListPaths = (
			);
			outputPaths = (
				"$(DERIVED_FILE_DIR)/Pods-Shopify-ShopifyUITests-checkManifestLockResult.txt",
			);
			runOnlyForDeploymentPostprocessing = 0;
			shellPath = /bin/sh;
			shellScript = "diff \"${PODS_PODFILE_DIR_PATH}/Podfile.lock\" \"${PODS_ROOT}/Manifest.lock\" > /dev/null\nif [ $? != 0 ] ; then\n    # print error to STDERR\n    echo \"error: The sandbox is not in sync with the Podfile.lock. Run 'pod install' or update your CocoaPods installation.\" >&2\n    exit 1\nfi\n# This output is used by Xcode 'outputs' to avoid re-running this script phase.\necho \"SUCCESS\" > \"${SCRIPT_OUTPUT_FILE_0}\"\n";
			showEnvVarsInLog = 0;
		};
		9526DB4CED56521B12259F4C /* [CP] Check Pods Manifest.lock */ = {
			isa = PBXShellScriptBuildPhase;
			buildActionMask = 2147483647;
			files = (
			);
			inputFileListPaths = (
			);
			inputPaths = (
				"${PODS_PODFILE_DIR_PATH}/Podfile.lock",
				"${PODS_ROOT}/Manifest.lock",
			);
			name = "[CP] Check Pods Manifest.lock";
			outputFileListPaths = (
			);
			outputPaths = (
				"$(DERIVED_FILE_DIR)/Pods-Shopify-checkManifestLockResult.txt",
			);
			runOnlyForDeploymentPostprocessing = 0;
			shellPath = /bin/sh;
			shellScript = "diff \"${PODS_PODFILE_DIR_PATH}/Podfile.lock\" \"${PODS_ROOT}/Manifest.lock\" > /dev/null\nif [ $? != 0 ] ; then\n    # print error to STDERR\n    echo \"error: The sandbox is not in sync with the Podfile.lock. Run 'pod install' or update your CocoaPods installation.\" >&2\n    exit 1\nfi\n# This output is used by Xcode 'outputs' to avoid re-running this script phase.\necho \"SUCCESS\" > \"${SCRIPT_OUTPUT_FILE_0}\"\n";
			showEnvVarsInLog = 0;
		};
		9574439FC3D55CDF79AEC133 /* [CP] Embed Pods Frameworks */ = {
			isa = PBXShellScriptBuildPhase;
			buildActionMask = 2147483647;
			files = (
			);
			inputFileListPaths = (
				"${PODS_ROOT}/Target Support Files/Pods-Shopify-ShopifyUITests/Pods-Shopify-ShopifyUITests-frameworks-${CONFIGURATION}-input-files.xcfilelist",
			);
			name = "[CP] Embed Pods Frameworks";
			outputFileListPaths = (
				"${PODS_ROOT}/Target Support Files/Pods-Shopify-ShopifyUITests/Pods-Shopify-ShopifyUITests-frameworks-${CONFIGURATION}-output-files.xcfilelist",
			);
			runOnlyForDeploymentPostprocessing = 0;
			shellPath = /bin/sh;
			shellScript = "\"${PODS_ROOT}/Target Support Files/Pods-Shopify-ShopifyUITests/Pods-Shopify-ShopifyUITests-frameworks.sh\"\n";
			showEnvVarsInLog = 0;
		};
		9AAF931CA2414A81475E2DA6 /* [CP] Embed Pods Frameworks */ = {
			isa = PBXShellScriptBuildPhase;
			buildActionMask = 2147483647;
			files = (
			);
			inputFileListPaths = (
				"${PODS_ROOT}/Target Support Files/Pods-Shopify/Pods-Shopify-frameworks-${CONFIGURATION}-input-files.xcfilelist",
			);
			name = "[CP] Embed Pods Frameworks";
			outputFileListPaths = (
				"${PODS_ROOT}/Target Support Files/Pods-Shopify/Pods-Shopify-frameworks-${CONFIGURATION}-output-files.xcfilelist",
			);
			runOnlyForDeploymentPostprocessing = 0;
			shellPath = /bin/sh;
			shellScript = "\"${PODS_ROOT}/Target Support Files/Pods-Shopify/Pods-Shopify-frameworks.sh\"\n";
			showEnvVarsInLog = 0;
		};
/* End PBXShellScriptBuildPhase section */

/* Begin PBXSourcesBuildPhase section */
		E7F5EF412C0B35800096F476 /* Sources */ = {
			isa = PBXSourcesBuildPhase;
			buildActionMask = 2147483647;
			files = (
				E63EAC852C1331DC000845AA /* HomeViewModel.swift in Sources */,
				E6B549DD2C0F5FCD003C6328 /* CtegoryCollectionViewCell.swift in Sources */,
				8B95A6252C11B97300D5A592 /* ProductDetails.swift in Sources */,
				8B95A6162C11AC1C00D5A592 /* Variants.swift in Sources */,
				E7FB2C772C10D190003A8D9D /* CartCell.swift in Sources */,
				E7FB2C8D2C10E851003A8D9D /* ProfileViewController.swift in Sources */,
				E6C97E042C0B937800B2CA81 /* BrandsCollectionViewCell.swift in Sources */,
				E7BC1B252C1467110015C552 /* SettingsVC.swift in Sources */,
				8BE8849D2C10A90200BB28C6 /* NetworkMangerProtocol.swift in Sources */,
				E63EAC892C13324A000845AA /* Rules.swift in Sources */,
				8B95A6212C11B18900D5A592 /* ProductDetailsViewModel.swift in Sources */,
				E7FB2C7A2C10D1AA003A8D9D /* ShoppingCartViewModel.swift in Sources */,
				E7FB2C9F2C10F03E003A8D9D /* CustomerModel.swift in Sources */,
				E6C97E002C0B934100B2CA81 /* HomeViewController.swift in Sources */,
				8B95A6232C11B31100D5A592 /* ProductDetailsViewController.swift in Sources */,
				E6174BDD2C0BA850004CE96E /* CustomTableViewCell.swift in Sources */,
				E764E00B2C139BEC00740DFA /* AddNewAddressVC.swift in Sources */,
				E7F5EF4D2C0B35800096F476 /* ViewController.swift in Sources */,
				8BE884A02C10C1DD00BB28C6 /* Response.swift in Sources */,
				E7FB2CA22C10F918003A8D9D /* AddressCell.swift in Sources */,
				E7BC1B1F2C145E2B0015C552 /* AddressCoordinator.swift in Sources */,
				8B2FCFB22C13846C00C613E3 /* Image.swift in Sources */,
				E7F5EF492C0B35800096F476 /* AppDelegate.swift in Sources */,
				E7FB2C7C2C10D1B5003A8D9D /* CartModel.swift in Sources */,
				8BE8849B2C10A8DF00BB28C6 /* NetworkManger.swift in Sources */,
				E7F5EF532C0B35800096F476 /* Shopify.xcdatamodeld in Sources */,
				8B95A6182C11AC5300D5A592 /* Options.swift in Sources */,
				E6C97E022C0B936900B2CA81 /* AddsCollectionViewCell.swift in Sources */,
				E63EAC872C13321C000845AA /* SmartCollection.swift in Sources */,
				E7F5EF4B2C0B35800096F476 /* SceneDelegate.swift in Sources */,
				8B95A61C2C11AD5900D5A592 /* BrandViewController.swift in Sources */,
				E6B549DB2C0F3667003C6328 /* CtegoryViewController.swift in Sources */,
				E6174BE02C0BAB3A004CE96E /* OrderViewController.swift in Sources */,
				E7FB2C7F2C10D309003A8D9D /* Constants.swift in Sources */,
				E764E0092C139BAC00740DFA /* AddressVC.swift in Sources */,
				E7FB2C9D2C10EC44003A8D9D /* AddressViewModel.swift in Sources */,
				8B2FCFB42C13888E00C613E3 /* URLs.swift in Sources */,
				8B95A6142C11A3C200D5A592 /* Product.swift in Sources */,
				E7FB2C7F2C10D309003A8D9D /* Constants.swift in Sources */,
				8B95A62D2C11EBCB00D5A592 /* BrandProductCollectionViewCell.swift in Sources */,
				8B95A6122C11A2E400D5A592 /* BrandProductsViewModel.swift in Sources */,
				E7BC1B212C145F780015C552 /* AddNewAddressViewModel.swift in Sources */,
				E764E0122C13AD7500740DFA /* User.swift in Sources */,
				8B073EC32C14AD2B00629214 /* SplashViewController.swift in Sources */,
			);
			runOnlyForDeploymentPostprocessing = 0;
		};
		E7F5EF5A2C0B35830096F476 /* Sources */ = {
			isa = PBXSourcesBuildPhase;
			buildActionMask = 2147483647;
			files = (
				E7F5EF632C0B35830096F476 /* ShopifyTests.swift in Sources */,
			);
			runOnlyForDeploymentPostprocessing = 0;
		};
		E7F5EF642C0B35830096F476 /* Sources */ = {
			isa = PBXSourcesBuildPhase;
			buildActionMask = 2147483647;
			files = (
				E7F5EF6D2C0B35830096F476 /* ShopifyUITests.swift in Sources */,
				E7F5EF6F2C0B35830096F476 /* ShopifyUITestsLaunchTests.swift in Sources */,
			);
			runOnlyForDeploymentPostprocessing = 0;
		};
/* End PBXSourcesBuildPhase section */

/* Begin PBXTargetDependency section */
		E7F5EF602C0B35830096F476 /* PBXTargetDependency */ = {
			isa = PBXTargetDependency;
			target = E7F5EF442C0B35800096F476 /* Shopify */;
			targetProxy = E7F5EF5F2C0B35830096F476 /* PBXContainerItemProxy */;
		};
		E7F5EF6A2C0B35830096F476 /* PBXTargetDependency */ = {
			isa = PBXTargetDependency;
			target = E7F5EF442C0B35800096F476 /* Shopify */;
			targetProxy = E7F5EF692C0B35830096F476 /* PBXContainerItemProxy */;
		};
/* End PBXTargetDependency section */

/* Begin PBXVariantGroup section */
		E7F5EF4E2C0B35800096F476 /* Main.storyboard */ = {
			isa = PBXVariantGroup;
			children = (
				E7F5EF4F2C0B35800096F476 /* Base */,
			);
			name = Main.storyboard;
			sourceTree = "<group>";
		};
		E7F5EF562C0B35830096F476 /* LaunchScreen.storyboard */ = {
			isa = PBXVariantGroup;
			children = (
				E7F5EF572C0B35830096F476 /* Base */,
			);
			name = LaunchScreen.storyboard;
			sourceTree = "<group>";
		};
/* End PBXVariantGroup section */

/* Begin XCBuildConfiguration section */
		E7F5EF702C0B35830096F476 /* Debug */ = {
			isa = XCBuildConfiguration;
			buildSettings = {
				ALWAYS_SEARCH_USER_PATHS = NO;
				ASSETCATALOG_COMPILER_GENERATE_SWIFT_ASSET_SYMBOL_EXTENSIONS = YES;
				CLANG_ANALYZER_NONNULL = YES;
				CLANG_ANALYZER_NUMBER_OBJECT_CONVERSION = YES_AGGRESSIVE;
				CLANG_CXX_LANGUAGE_STANDARD = "gnu++20";
				CLANG_ENABLE_MODULES = YES;
				CLANG_ENABLE_OBJC_ARC = YES;
				CLANG_ENABLE_OBJC_WEAK = YES;
				CLANG_WARN_BLOCK_CAPTURE_AUTORELEASING = YES;
				CLANG_WARN_BOOL_CONVERSION = YES;
				CLANG_WARN_COMMA = YES;
				CLANG_WARN_CONSTANT_CONVERSION = YES;
				CLANG_WARN_DEPRECATED_OBJC_IMPLEMENTATIONS = YES;
				CLANG_WARN_DIRECT_OBJC_ISA_USAGE = YES_ERROR;
				CLANG_WARN_DOCUMENTATION_COMMENTS = YES;
				CLANG_WARN_EMPTY_BODY = YES;
				CLANG_WARN_ENUM_CONVERSION = YES;
				CLANG_WARN_INFINITE_RECURSION = YES;
				CLANG_WARN_INT_CONVERSION = YES;
				CLANG_WARN_NON_LITERAL_NULL_CONVERSION = YES;
				CLANG_WARN_OBJC_IMPLICIT_RETAIN_SELF = YES;
				CLANG_WARN_OBJC_LITERAL_CONVERSION = YES;
				CLANG_WARN_OBJC_ROOT_CLASS = YES_ERROR;
				CLANG_WARN_QUOTED_INCLUDE_IN_FRAMEWORK_HEADER = YES;
				CLANG_WARN_RANGE_LOOP_ANALYSIS = YES;
				CLANG_WARN_STRICT_PROTOTYPES = YES;
				CLANG_WARN_SUSPICIOUS_MOVE = YES;
				CLANG_WARN_UNGUARDED_AVAILABILITY = YES_AGGRESSIVE;
				CLANG_WARN_UNREACHABLE_CODE = YES;
				CLANG_WARN__DUPLICATE_METHOD_MATCH = YES;
				COPY_PHASE_STRIP = NO;
				DEBUG_INFORMATION_FORMAT = dwarf;
				ENABLE_STRICT_OBJC_MSGSEND = YES;
				ENABLE_TESTABILITY = YES;
				ENABLE_USER_SCRIPT_SANDBOXING = NO;
				GCC_C_LANGUAGE_STANDARD = gnu17;
				GCC_DYNAMIC_NO_PIC = NO;
				GCC_NO_COMMON_BLOCKS = YES;
				GCC_OPTIMIZATION_LEVEL = 0;
				GCC_PREPROCESSOR_DEFINITIONS = (
					"DEBUG=1",
					"$(inherited)",
				);
				GCC_WARN_64_TO_32_BIT_CONVERSION = YES;
				GCC_WARN_ABOUT_RETURN_TYPE = YES_ERROR;
				GCC_WARN_UNDECLARED_SELECTOR = YES;
				GCC_WARN_UNINITIALIZED_AUTOS = YES_AGGRESSIVE;
				GCC_WARN_UNUSED_FUNCTION = YES;
				GCC_WARN_UNUSED_VARIABLE = YES;
				IPHONEOS_DEPLOYMENT_TARGET = 17.2;
				LOCALIZATION_PREFERS_STRING_CATALOGS = YES;
				MTL_ENABLE_DEBUG_INFO = INCLUDE_SOURCE;
				MTL_FAST_MATH = YES;
				ONLY_ACTIVE_ARCH = YES;
				SDKROOT = iphoneos;
				SWIFT_ACTIVE_COMPILATION_CONDITIONS = "DEBUG $(inherited)";
				SWIFT_OPTIMIZATION_LEVEL = "-Onone";
			};
			name = Debug;
		};
		E7F5EF712C0B35830096F476 /* Release */ = {
			isa = XCBuildConfiguration;
			buildSettings = {
				ALWAYS_SEARCH_USER_PATHS = NO;
				ASSETCATALOG_COMPILER_GENERATE_SWIFT_ASSET_SYMBOL_EXTENSIONS = YES;
				CLANG_ANALYZER_NONNULL = YES;
				CLANG_ANALYZER_NUMBER_OBJECT_CONVERSION = YES_AGGRESSIVE;
				CLANG_CXX_LANGUAGE_STANDARD = "gnu++20";
				CLANG_ENABLE_MODULES = YES;
				CLANG_ENABLE_OBJC_ARC = YES;
				CLANG_ENABLE_OBJC_WEAK = YES;
				CLANG_WARN_BLOCK_CAPTURE_AUTORELEASING = YES;
				CLANG_WARN_BOOL_CONVERSION = YES;
				CLANG_WARN_COMMA = YES;
				CLANG_WARN_CONSTANT_CONVERSION = YES;
				CLANG_WARN_DEPRECATED_OBJC_IMPLEMENTATIONS = YES;
				CLANG_WARN_DIRECT_OBJC_ISA_USAGE = YES_ERROR;
				CLANG_WARN_DOCUMENTATION_COMMENTS = YES;
				CLANG_WARN_EMPTY_BODY = YES;
				CLANG_WARN_ENUM_CONVERSION = YES;
				CLANG_WARN_INFINITE_RECURSION = YES;
				CLANG_WARN_INT_CONVERSION = YES;
				CLANG_WARN_NON_LITERAL_NULL_CONVERSION = YES;
				CLANG_WARN_OBJC_IMPLICIT_RETAIN_SELF = YES;
				CLANG_WARN_OBJC_LITERAL_CONVERSION = YES;
				CLANG_WARN_OBJC_ROOT_CLASS = YES_ERROR;
				CLANG_WARN_QUOTED_INCLUDE_IN_FRAMEWORK_HEADER = YES;
				CLANG_WARN_RANGE_LOOP_ANALYSIS = YES;
				CLANG_WARN_STRICT_PROTOTYPES = YES;
				CLANG_WARN_SUSPICIOUS_MOVE = YES;
				CLANG_WARN_UNGUARDED_AVAILABILITY = YES_AGGRESSIVE;
				CLANG_WARN_UNREACHABLE_CODE = YES;
				CLANG_WARN__DUPLICATE_METHOD_MATCH = YES;
				COPY_PHASE_STRIP = NO;
				DEBUG_INFORMATION_FORMAT = "dwarf-with-dsym";
				ENABLE_NS_ASSERTIONS = NO;
				ENABLE_STRICT_OBJC_MSGSEND = YES;
				ENABLE_USER_SCRIPT_SANDBOXING = NO;
				GCC_C_LANGUAGE_STANDARD = gnu17;
				GCC_NO_COMMON_BLOCKS = YES;
				GCC_WARN_64_TO_32_BIT_CONVERSION = YES;
				GCC_WARN_ABOUT_RETURN_TYPE = YES_ERROR;
				GCC_WARN_UNDECLARED_SELECTOR = YES;
				GCC_WARN_UNINITIALIZED_AUTOS = YES_AGGRESSIVE;
				GCC_WARN_UNUSED_FUNCTION = YES;
				GCC_WARN_UNUSED_VARIABLE = YES;
				IPHONEOS_DEPLOYMENT_TARGET = 17.2;
				LOCALIZATION_PREFERS_STRING_CATALOGS = YES;
				MTL_ENABLE_DEBUG_INFO = NO;
				MTL_FAST_MATH = YES;
				SDKROOT = iphoneos;
				SWIFT_COMPILATION_MODE = wholemodule;
				VALIDATE_PRODUCT = YES;
			};
			name = Release;
		};
		E7F5EF732C0B35830096F476 /* Debug */ = {
			isa = XCBuildConfiguration;
			baseConfigurationReference = EF8648017C42EC1B94AA5976 /* Pods-Shopify.debug.xcconfig */;
			buildSettings = {
				ASSETCATALOG_COMPILER_APPICON_NAME = AppIcon;
				ASSETCATALOG_COMPILER_GLOBAL_ACCENT_COLOR_NAME = AccentColor;
				CODE_SIGN_STYLE = Automatic;
				CURRENT_PROJECT_VERSION = 1;
				DEVELOPMENT_TEAM = W8Y5UUN6C9;
				GENERATE_INFOPLIST_FILE = YES;
				INFOPLIST_FILE = Shopify/Info.plist;
				INFOPLIST_KEY_UIApplicationSupportsIndirectInputEvents = YES;
				INFOPLIST_KEY_UILaunchStoryboardName = LaunchScreen;
				INFOPLIST_KEY_UIMainStoryboardFile = Main;
				INFOPLIST_KEY_UISupportedInterfaceOrientations_iPad = "UIInterfaceOrientationPortrait UIInterfaceOrientationPortraitUpsideDown UIInterfaceOrientationLandscapeLeft UIInterfaceOrientationLandscapeRight";
				INFOPLIST_KEY_UISupportedInterfaceOrientations_iPhone = "UIInterfaceOrientationPortrait UIInterfaceOrientationLandscapeLeft UIInterfaceOrientationLandscapeRight";
				IPHONEOS_DEPLOYMENT_TARGET = 15.1;
				LD_RUNPATH_SEARCH_PATHS = (
					"$(inherited)",
					"@executable_path/Frameworks",
				);
				MARKETING_VERSION = 1.0;
				PRODUCT_BUNDLE_IDENTIFIER = ITI.Shopify;
				PRODUCT_NAME = "$(TARGET_NAME)";
				SWIFT_EMIT_LOC_STRINGS = YES;
				SWIFT_VERSION = 5.0;
				TARGETED_DEVICE_FAMILY = "1,2";
			};
			name = Debug;
		};
		E7F5EF742C0B35830096F476 /* Release */ = {
			isa = XCBuildConfiguration;
			baseConfigurationReference = F262D17719D4900A164B01C0 /* Pods-Shopify.release.xcconfig */;
			buildSettings = {
				ASSETCATALOG_COMPILER_APPICON_NAME = AppIcon;
				ASSETCATALOG_COMPILER_GLOBAL_ACCENT_COLOR_NAME = AccentColor;
				CODE_SIGN_STYLE = Automatic;
				CURRENT_PROJECT_VERSION = 1;
				DEVELOPMENT_TEAM = W8Y5UUN6C9;
				GENERATE_INFOPLIST_FILE = YES;
				INFOPLIST_FILE = Shopify/Info.plist;
				INFOPLIST_KEY_UIApplicationSupportsIndirectInputEvents = YES;
				INFOPLIST_KEY_UILaunchStoryboardName = LaunchScreen;
				INFOPLIST_KEY_UIMainStoryboardFile = Main;
				INFOPLIST_KEY_UISupportedInterfaceOrientations_iPad = "UIInterfaceOrientationPortrait UIInterfaceOrientationPortraitUpsideDown UIInterfaceOrientationLandscapeLeft UIInterfaceOrientationLandscapeRight";
				INFOPLIST_KEY_UISupportedInterfaceOrientations_iPhone = "UIInterfaceOrientationPortrait UIInterfaceOrientationLandscapeLeft UIInterfaceOrientationLandscapeRight";
				IPHONEOS_DEPLOYMENT_TARGET = 15.1;
				LD_RUNPATH_SEARCH_PATHS = (
					"$(inherited)",
					"@executable_path/Frameworks",
				);
				MARKETING_VERSION = 1.0;
				PRODUCT_BUNDLE_IDENTIFIER = ITI.Shopify;
				PRODUCT_NAME = "$(TARGET_NAME)";
				SWIFT_EMIT_LOC_STRINGS = YES;
				SWIFT_VERSION = 5.0;
				TARGETED_DEVICE_FAMILY = "1,2";
			};
			name = Release;
		};
		E7F5EF762C0B35830096F476 /* Debug */ = {
			isa = XCBuildConfiguration;
			baseConfigurationReference = FFCDDF33D78AF5876D25B2EA /* Pods-ShopifyTests.debug.xcconfig */;
			buildSettings = {
				ALWAYS_EMBED_SWIFT_STANDARD_LIBRARIES = YES;
				BUNDLE_LOADER = "$(TEST_HOST)";
				CODE_SIGN_STYLE = Automatic;
				CURRENT_PROJECT_VERSION = 1;
				DEVELOPMENT_TEAM = W8Y5UUN6C9;
				GENERATE_INFOPLIST_FILE = YES;
				IPHONEOS_DEPLOYMENT_TARGET = 17.2;
				MARKETING_VERSION = 1.0;
				PRODUCT_BUNDLE_IDENTIFIER = ITI.ShopifyTests;
				PRODUCT_NAME = "$(TARGET_NAME)";
				SWIFT_EMIT_LOC_STRINGS = NO;
				SWIFT_VERSION = 5.0;
				TARGETED_DEVICE_FAMILY = "1,2";
				TEST_HOST = "$(BUILT_PRODUCTS_DIR)/Shopify.app/$(BUNDLE_EXECUTABLE_FOLDER_PATH)/Shopify";
			};
			name = Debug;
		};
		E7F5EF772C0B35830096F476 /* Release */ = {
			isa = XCBuildConfiguration;
			baseConfigurationReference = 2AB4CC9C6805F8F13B3F83DB /* Pods-ShopifyTests.release.xcconfig */;
			buildSettings = {
				ALWAYS_EMBED_SWIFT_STANDARD_LIBRARIES = YES;
				BUNDLE_LOADER = "$(TEST_HOST)";
				CODE_SIGN_STYLE = Automatic;
				CURRENT_PROJECT_VERSION = 1;
				DEVELOPMENT_TEAM = W8Y5UUN6C9;
				GENERATE_INFOPLIST_FILE = YES;
				IPHONEOS_DEPLOYMENT_TARGET = 17.2;
				MARKETING_VERSION = 1.0;
				PRODUCT_BUNDLE_IDENTIFIER = ITI.ShopifyTests;
				PRODUCT_NAME = "$(TARGET_NAME)";
				SWIFT_EMIT_LOC_STRINGS = NO;
				SWIFT_VERSION = 5.0;
				TARGETED_DEVICE_FAMILY = "1,2";
				TEST_HOST = "$(BUILT_PRODUCTS_DIR)/Shopify.app/$(BUNDLE_EXECUTABLE_FOLDER_PATH)/Shopify";
			};
			name = Release;
		};
		E7F5EF792C0B35830096F476 /* Debug */ = {
			isa = XCBuildConfiguration;
			baseConfigurationReference = A5C1A045119129F99B582947 /* Pods-Shopify-ShopifyUITests.debug.xcconfig */;
			buildSettings = {
				ALWAYS_EMBED_SWIFT_STANDARD_LIBRARIES = YES;
				CODE_SIGN_STYLE = Automatic;
				CURRENT_PROJECT_VERSION = 1;
				DEVELOPMENT_TEAM = W8Y5UUN6C9;
				GENERATE_INFOPLIST_FILE = YES;
				MARKETING_VERSION = 1.0;
				PRODUCT_BUNDLE_IDENTIFIER = ITI.ShopifyUITests;
				PRODUCT_NAME = "$(TARGET_NAME)";
				SWIFT_EMIT_LOC_STRINGS = NO;
				SWIFT_VERSION = 5.0;
				TARGETED_DEVICE_FAMILY = "1,2";
				TEST_TARGET_NAME = Shopify;
			};
			name = Debug;
		};
		E7F5EF7A2C0B35830096F476 /* Release */ = {
			isa = XCBuildConfiguration;
			baseConfigurationReference = C78D671F9D07D868C7A369D6 /* Pods-Shopify-ShopifyUITests.release.xcconfig */;
			buildSettings = {
				ALWAYS_EMBED_SWIFT_STANDARD_LIBRARIES = YES;
				CODE_SIGN_STYLE = Automatic;
				CURRENT_PROJECT_VERSION = 1;
				DEVELOPMENT_TEAM = W8Y5UUN6C9;
				GENERATE_INFOPLIST_FILE = YES;
				MARKETING_VERSION = 1.0;
				PRODUCT_BUNDLE_IDENTIFIER = ITI.ShopifyUITests;
				PRODUCT_NAME = "$(TARGET_NAME)";
				SWIFT_EMIT_LOC_STRINGS = NO;
				SWIFT_VERSION = 5.0;
				TARGETED_DEVICE_FAMILY = "1,2";
				TEST_TARGET_NAME = Shopify;
			};
			name = Release;
		};
/* End XCBuildConfiguration section */

/* Begin XCConfigurationList section */
		E7F5EF402C0B35800096F476 /* Build configuration list for PBXProject "Shopify" */ = {
			isa = XCConfigurationList;
			buildConfigurations = (
				E7F5EF702C0B35830096F476 /* Debug */,
				E7F5EF712C0B35830096F476 /* Release */,
			);
			defaultConfigurationIsVisible = 0;
			defaultConfigurationName = Release;
		};
		E7F5EF722C0B35830096F476 /* Build configuration list for PBXNativeTarget "Shopify" */ = {
			isa = XCConfigurationList;
			buildConfigurations = (
				E7F5EF732C0B35830096F476 /* Debug */,
				E7F5EF742C0B35830096F476 /* Release */,
			);
			defaultConfigurationIsVisible = 0;
			defaultConfigurationName = Release;
		};
		E7F5EF752C0B35830096F476 /* Build configuration list for PBXNativeTarget "ShopifyTests" */ = {
			isa = XCConfigurationList;
			buildConfigurations = (
				E7F5EF762C0B35830096F476 /* Debug */,
				E7F5EF772C0B35830096F476 /* Release */,
			);
			defaultConfigurationIsVisible = 0;
			defaultConfigurationName = Release;
		};
		E7F5EF782C0B35830096F476 /* Build configuration list for PBXNativeTarget "ShopifyUITests" */ = {
			isa = XCConfigurationList;
			buildConfigurations = (
				E7F5EF792C0B35830096F476 /* Debug */,
				E7F5EF7A2C0B35830096F476 /* Release */,
			);
			defaultConfigurationIsVisible = 0;
			defaultConfigurationName = Release;
		};
/* End XCConfigurationList section */

/* Begin XCVersionGroup section */
		E7F5EF512C0B35800096F476 /* Shopify.xcdatamodeld */ = {
			isa = XCVersionGroup;
			children = (
				E7F5EF522C0B35800096F476 /* Shopify.xcdatamodel */,
			);
			currentVersion = E7F5EF522C0B35800096F476 /* Shopify.xcdatamodel */;
			path = Shopify.xcdatamodeld;
			sourceTree = "<group>";
			versionGroupType = wrapper.xcdatamodel;
		};
/* End XCVersionGroup section */
	};
	rootObject = E7F5EF3D2C0B35800096F476 /* Project object */;
}
